
Microsoft Visual Studio Solution File, Format Version 12.00
# Visual Studio 15
VisualStudioVersion = 15.0.26124.0
MinimumVisualStudioVersion = 15.0.26124.0
Project("{FAE04EC0-301F-11D3-BF4B-00C04F79EFBC}") = "TaxaJuros.Core", "TaxaJuros.Core\TaxaJuros.Core.csproj", "{87A770D7-2CAB-4F18-BA35-B30AC79C78C2}"
EndProject
Project("{FAE04EC0-301F-11D3-BF4B-00C04F79EFBC}") = "TaxaJuros.Api", "TaxaJuros.Api\TaxaJuros.Api.csproj", "{A5AAD395-E55A-4147-A691-521E47A39671}"
EndProject
Project("{FAE04EC0-301F-11D3-BF4B-00C04F79EFBC}") = "TaxaJuros.Tests", "TaxaJuros.Tests\TaxaJuros.Tests.csproj", "{6F5D9C2A-FF9B-40D3-8478-A0C1DBB02DCE}"
EndProject
Global
	GlobalSection(SolutionConfigurationPlatforms) = preSolution
		Debug|Any CPU = Debug|Any CPU
		Debug|x64 = Debug|x64
		Debug|x86 = Debug|x86
		Release|Any CPU = Release|Any CPU
		Release|x64 = Release|x64
		Release|x86 = Release|x86
	EndGlobalSection
	GlobalSection(SolutionProperties) = preSolution
		HideSolutionNode = FALSE
	EndGlobalSection
	GlobalSection(ProjectConfigurationPlatforms) = postSolution
		{87A770D7-2CAB-4F18-BA35-B30AC79C78C2}.Debug|Any CPU.ActiveCfg = Debug|Any CPU
		{87A770D7-2CAB-4F18-BA35-B30AC79C78C2}.Debug|Any CPU.Build.0 = Debug|Any CPU
		{87A770D7-2CAB-4F18-BA35-B30AC79C78C2}.Debug|x64.ActiveCfg = Debug|Any CPU
		{87A770D7-2CAB-4F18-BA35-B30AC79C78C2}.Debug|x64.Build.0 = Debug|Any CPU
		{87A770D7-2CAB-4F18-BA35-B30AC79C78C2}.Debug|x86.ActiveCfg = Debug|Any CPU
		{87A770D7-2CAB-4F18-BA35-B30AC79C78C2}.Debug|x86.Build.0 = Debug|Any CPU
		{87A770D7-2CAB-4F18-BA35-B30AC79C78C2}.Release|Any CPU.ActiveCfg = Release|Any CPU
		{87A770D7-2CAB-4F18-BA35-B30AC79C78C2}.Release|Any CPU.Build.0 = Release|Any CPU
		{87A770D7-2CAB-4F18-BA35-B30AC79C78C2}.Release|x64.ActiveCfg = Release|Any CPU
		{87A770D7-2CAB-4F18-BA35-B30AC79C78C2}.Release|x64.Build.0 = Release|Any CPU
		{87A770D7-2CAB-4F18-BA35-B30AC79C78C2}.Release|x86.ActiveCfg = Release|Any CPU
		{87A770D7-2CAB-4F18-BA35-B30AC79C78C2}.Release|x86.Build.0 = Release|Any CPU
		{A5AAD395-E55A-4147-A691-521E47A39671}.Debug|Any CPU.ActiveCfg = Debug|Any CPU
		{A5AAD395-E55A-4147-A691-521E47A39671}.Debug|Any CPU.Build.0 = Debug|Any CPU
		{A5AAD395-E55A-4147-A691-521E47A39671}.Debug|x64.ActiveCfg = Debug|Any CPU
		{A5AAD395-E55A-4147-A691-521E47A39671}.Debug|x64.Build.0 = Debug|Any CPU
		{A5AAD395-E55A-4147-A691-521E47A39671}.Debug|x86.ActiveCfg = Debug|Any CPU
		{A5AAD395-E55A-4147-A691-521E47A39671}.Debug|x86.Build.0 = Debug|Any CPU
		{A5AAD395-E55A-4147-A691-521E47A39671}.Release|Any CPU.ActiveCfg = Release|Any CPU
		{A5AAD395-E55A-4147-A691-521E47A39671}.Release|Any CPU.Build.0 = Release|Any CPU
		{A5AAD395-E55A-4147-A691-521E47A39671}.Release|x64.ActiveCfg = Release|Any CPU
		{A5AAD395-E55A-4147-A691-521E47A39671}.Release|x64.Build.0 = Release|Any CPU
		{A5AAD395-E55A-4147-A691-521E47A39671}.Release|x86.ActiveCfg = Release|Any CPU
		{A5AAD395-E55A-4147-A691-521E47A39671}.Release|x86.Build.0 = Release|Any CPU
		{6F5D9C2A-FF9B-40D3-8478-A0C1DBB02DCE}.Debug|Any CPU.ActiveCfg = Debug|Any CPU
		{6F5D9C2A-FF9B-40D3-8478-A0C1DBB02DCE}.Debug|Any CPU.Build.0 = Debug|Any CPU
		{6F5D9C2A-FF9B-40D3-8478-A0C1DBB02DCE}.Debug|x64.ActiveCfg = Debug|Any CPU
		{6F5D9C2A-FF9B-40D3-8478-A0C1DBB02DCE}.Debug|x64.Build.0 = Debug|Any CPU
		{6F5D9C2A-FF9B-40D3-8478-A0C1DBB02DCE}.Debug|x86.ActiveCfg = Debug|Any CPU
		{6F5D9C2A-FF9B-40D3-8478-A0C1DBB02DCE}.Debug|x86.Build.0 = Debug|Any CPU
		{6F5D9C2A-FF9B-40D3-8478-A0C1DBB02DCE}.Release|Any CPU.ActiveCfg = Release|Any CPU
		{6F5D9C2A-FF9B-40D3-8478-A0C1DBB02DCE}.Release|Any CPU.Build.0 = Release|Any CPU
		{6F5D9C2A-FF9B-40D3-8478-A0C1DBB02DCE}.Release|x64.ActiveCfg = Release|Any CPU
		{6F5D9C2A-FF9B-40D3-8478-A0C1DBB02DCE}.Release|x64.Build.0 = Release|Any CPU
		{6F5D9C2A-FF9B-40D3-8478-A0C1DBB02DCE}.Release|x86.ActiveCfg = Release|Any CPU
		{6F5D9C2A-FF9B-40D3-8478-A0C1DBB02DCE}.Release|x86.Build.0 = Release|Any CPU
	EndGlobalSection
EndGlobal
