
Microsoft Visual Studio Solution File, Format Version 12.00
# Visual Studio 15
VisualStudioVersion = 15.0.26124.0
MinimumVisualStudioVersion = 15.0.26124.0
Project("{FAE04EC0-301F-11D3-BF4B-00C04F79EFBC}") = "CalculaJuros.Api", "CalculaJuros.Api\CalculaJuros.Api.csproj", "{53EA0CC2-6839-4E0E-90F2-D54E16B24BCC}"
EndProject
Project("{FAE04EC0-301F-11D3-BF4B-00C04F79EFBC}") = "CalculaJuros.Core", "CalculaJuros.Core\CalculaJuros.Core.csproj", "{890B9572-A766-499B-A91C-94FEBC55CFC6}"
EndProject
Project("{FAE04EC0-301F-11D3-BF4B-00C04F79EFBC}") = "CalculaJuros.Tests", "CalculaJuros.Tests\CalculaJuros.Tests.csproj", "{3560DCA1-C137-43C2-B318-E37AC96415CB}"
EndProject
Global
	GlobalSection(SolutionConfigurationPlatforms) = preSolution
		Debug|Any CPU = Debug|Any CPU
		Debug|x64 = Debug|x64
		Debug|x86 = Debug|x86
		Release|Any CPU = Release|Any CPU
		Release|x64 = Release|x64
		Release|x86 = Release|x86
	EndGlobalSection
	GlobalSection(SolutionProperties) = preSolution
		HideSolutionNode = FALSE
	EndGlobalSection
	GlobalSection(ProjectConfigurationPlatforms) = postSolution
		{53EA0CC2-6839-4E0E-90F2-D54E16B24BCC}.Debug|Any CPU.ActiveCfg = Debug|Any CPU
		{53EA0CC2-6839-4E0E-90F2-D54E16B24BCC}.Debug|Any CPU.Build.0 = Debug|Any CPU
		{53EA0CC2-6839-4E0E-90F2-D54E16B24BCC}.Debug|x64.ActiveCfg = Debug|Any CPU
		{53EA0CC2-6839-4E0E-90F2-D54E16B24BCC}.Debug|x64.Build.0 = Debug|Any CPU
		{53EA0CC2-6839-4E0E-90F2-D54E16B24BCC}.Debug|x86.ActiveCfg = Debug|Any CPU
		{53EA0CC2-6839-4E0E-90F2-D54E16B24BCC}.Debug|x86.Build.0 = Debug|Any CPU
		{53EA0CC2-6839-4E0E-90F2-D54E16B24BCC}.Release|Any CPU.ActiveCfg = Release|Any CPU
		{53EA0CC2-6839-4E0E-90F2-D54E16B24BCC}.Release|Any CPU.Build.0 = Release|Any CPU
		{53EA0CC2-6839-4E0E-90F2-D54E16B24BCC}.Release|x64.ActiveCfg = Release|Any CPU
		{53EA0CC2-6839-4E0E-90F2-D54E16B24BCC}.Release|x64.Build.0 = Release|Any CPU
		{53EA0CC2-6839-4E0E-90F2-D54E16B24BCC}.Release|x86.ActiveCfg = Release|Any CPU
		{53EA0CC2-6839-4E0E-90F2-D54E16B24BCC}.Release|x86.Build.0 = Release|Any CPU
		{890B9572-A766-499B-A91C-94FEBC55CFC6}.Debug|Any CPU.ActiveCfg = Debug|Any CPU
		{890B9572-A766-499B-A91C-94FEBC55CFC6}.Debug|Any CPU.Build.0 = Debug|Any CPU
		{890B9572-A766-499B-A91C-94FEBC55CFC6}.Debug|x64.ActiveCfg = Debug|Any CPU
		{890B9572-A766-499B-A91C-94FEBC55CFC6}.Debug|x64.Build.0 = Debug|Any CPU
		{890B9572-A766-499B-A91C-94FEBC55CFC6}.Debug|x86.ActiveCfg = Debug|Any CPU
		{890B9572-A766-499B-A91C-94FEBC55CFC6}.Debug|x86.Build.0 = Debug|Any CPU
		{890B9572-A766-499B-A91C-94FEBC55CFC6}.Release|Any CPU.ActiveCfg = Release|Any CPU
		{890B9572-A766-499B-A91C-94FEBC55CFC6}.Release|Any CPU.Build.0 = Release|Any CPU
		{890B9572-A766-499B-A91C-94FEBC55CFC6}.Release|x64.ActiveCfg = Release|Any CPU
		{890B9572-A766-499B-A91C-94FEBC55CFC6}.Release|x64.Build.0 = Release|Any CPU
		{890B9572-A766-499B-A91C-94FEBC55CFC6}.Release|x86.ActiveCfg = Release|Any CPU
		{890B9572-A766-499B-A91C-94FEBC55CFC6}.Release|x86.Build.0 = Release|Any CPU
		{3560DCA1-C137-43C2-B318-E37AC96415CB}.Debug|Any CPU.ActiveCfg = Debug|Any CPU
		{3560DCA1-C137-43C2-B318-E37AC96415CB}.Debug|Any CPU.Build.0 = Debug|Any CPU
		{3560DCA1-C137-43C2-B318-E37AC96415CB}.Debug|x64.ActiveCfg = Debug|Any CPU
		{3560DCA1-C137-43C2-B318-E37AC96415CB}.Debug|x64.Build.0 = Debug|Any CPU
		{3560DCA1-C137-43C2-B318-E37AC96415CB}.Debug|x86.ActiveCfg = Debug|Any CPU
		{3560DCA1-C137-43C2-B318-E37AC96415CB}.Debug|x86.Build.0 = Debug|Any CPU
		{3560DCA1-C137-43C2-B318-E37AC96415CB}.Release|Any CPU.ActiveCfg = Release|Any CPU
		{3560DCA1-C137-43C2-B318-E37AC96415CB}.Release|Any CPU.Build.0 = Release|Any CPU
		{3560DCA1-C137-43C2-B318-E37AC96415CB}.Release|x64.ActiveCfg = Release|Any CPU
		{3560DCA1-C137-43C2-B318-E37AC96415CB}.Release|x64.Build.0 = Release|Any CPU
		{3560DCA1-C137-43C2-B318-E37AC96415CB}.Release|x86.ActiveCfg = Release|Any CPU
		{3560DCA1-C137-43C2-B318-E37AC96415CB}.Release|x86.Build.0 = Release|Any CPU
	EndGlobalSection
EndGlobal
